// !$*UTF8*$!
{
	archiveVersion = 1;
	classes = {
	};
	objectVersion = 50;
	objects = {

/* Begin PBXBuildFile section */
		1A1A651125398371008829B6 /* FeedViewController.swift in Sources */ = {isa = PBXBuildFile; fileRef = 1A1A650F25398371008829B6 /* FeedViewController.swift */; };
		1A1A651225398371008829B6 /* FeedViewController.xib in Resources */ = {isa = PBXBuildFile; fileRef = 1A1A651025398371008829B6 /* FeedViewController.xib */; };
		1A1A6514253983F2008829B6 /* Feed.swift in Sources */ = {isa = PBXBuildFile; fileRef = 1A1A6513253983F2008829B6 /* Feed.swift */; };
		1A1A6517253AFA18008829B6 /* WebKit.framework in Frameworks */ = {isa = PBXBuildFile; fileRef = 1A1A6516253AFA18008829B6 /* WebKit.framework */; };
		1AAD172F252DADEB00A086DC /* AppDelegate.swift in Sources */ = {isa = PBXBuildFile; fileRef = 1AAD172E252DADEB00A086DC /* AppDelegate.swift */; };
		1AAD1731252DADEB00A086DC /* SceneDelegate.swift in Sources */ = {isa = PBXBuildFile; fileRef = 1AAD1730252DADEB00A086DC /* SceneDelegate.swift */; };
		1AAD1733252DADEB00A086DC /* ViewController.swift in Sources */ = {isa = PBXBuildFile; fileRef = 1AAD1732252DADEB00A086DC /* ViewController.swift */; };
		1AAD1736252DADEB00A086DC /* Main.storyboard in Resources */ = {isa = PBXBuildFile; fileRef = 1AAD1734252DADEB00A086DC /* Main.storyboard */; };
		1AAD1738252DADED00A086DC /* Assets.xcassets in Resources */ = {isa = PBXBuildFile; fileRef = 1AAD1737252DADED00A086DC /* Assets.xcassets */; };
		1AAD173B252DADED00A086DC /* LaunchScreen.storyboard in Resources */ = {isa = PBXBuildFile; fileRef = 1AAD1739252DADED00A086DC /* LaunchScreen.storyboard */; };
		1AAD1746252DADED00A086DC /* DevFeedTests.swift in Sources */ = {isa = PBXBuildFile; fileRef = 1AAD1745252DADED00A086DC /* DevFeedTests.swift */; };
		1AAD1751252DADED00A086DC /* DevFeedUITests.swift in Sources */ = {isa = PBXBuildFile; fileRef = 1AAD1750252DADED00A086DC /* DevFeedUITests.swift */; };
/* End PBXBuildFile section */

/* Begin PBXContainerItemProxy section */
		1AAD1742252DADED00A086DC /* PBXContainerItemProxy */ = {
			isa = PBXContainerItemProxy;
			containerPortal = 1AAD1723252DADEB00A086DC /* Project object */;
			proxyType = 1;
			remoteGlobalIDString = 1AAD172A252DADEB00A086DC;
			remoteInfo = MyNews;
		};
		1AAD174D252DADED00A086DC /* PBXContainerItemProxy */ = {
			isa = PBXContainerItemProxy;
			containerPortal = 1AAD1723252DADEB00A086DC /* Project object */;
			proxyType = 1;
			remoteGlobalIDString = 1AAD172A252DADEB00A086DC;
			remoteInfo = MyNews;
		};
/* End PBXContainerItemProxy section */

/* Begin PBXFileReference section */
		1A1A650F25398371008829B6 /* FeedViewController.swift */ = {isa = PBXFileReference; lastKnownFileType = sourcecode.swift; path = FeedViewController.swift; sourceTree = "<group>"; };
		1A1A651025398371008829B6 /* FeedViewController.xib */ = {isa = PBXFileReference; lastKnownFileType = file.xib; path = FeedViewController.xib; sourceTree = "<group>"; };
		1A1A6513253983F2008829B6 /* Feed.swift */ = {isa = PBXFileReference; lastKnownFileType = sourcecode.swift; path = Feed.swift; sourceTree = "<group>"; };
		1A1A6516253AFA18008829B6 /* WebKit.framework */ = {isa = PBXFileReference; lastKnownFileType = wrapper.framework; name = WebKit.framework; path = System/Library/Frameworks/WebKit.framework; sourceTree = SDKROOT; };
		1AAD172B252DADEB00A086DC /* DevFeed.app */ = {isa = PBXFileReference; explicitFileType = wrapper.application; includeInIndex = 0; path = DevFeed.app; sourceTree = BUILT_PRODUCTS_DIR; };
		1AAD172E252DADEB00A086DC /* AppDelegate.swift */ = {isa = PBXFileReference; lastKnownFileType = sourcecode.swift; path = AppDelegate.swift; sourceTree = "<group>"; };
		1AAD1730252DADEB00A086DC /* SceneDelegate.swift */ = {isa = PBXFileReference; lastKnownFileType = sourcecode.swift; path = SceneDelegate.swift; sourceTree = "<group>"; };
		1AAD1732252DADEB00A086DC /* ViewController.swift */ = {isa = PBXFileReference; lastKnownFileType = sourcecode.swift; path = ViewController.swift; sourceTree = "<group>"; };
		1AAD1735252DADEB00A086DC /* Base */ = {isa = PBXFileReference; lastKnownFileType = file.storyboard; name = Base; path = Base.lproj/Main.storyboard; sourceTree = "<group>"; };
		1AAD1737252DADED00A086DC /* Assets.xcassets */ = {isa = PBXFileReference; lastKnownFileType = folder.assetcatalog; path = Assets.xcassets; sourceTree = "<group>"; };
		1AAD173A252DADED00A086DC /* Base */ = {isa = PBXFileReference; lastKnownFileType = file.storyboard; name = Base; path = Base.lproj/LaunchScreen.storyboard; sourceTree = "<group>"; };
		1AAD173C252DADED00A086DC /* Info.plist */ = {isa = PBXFileReference; lastKnownFileType = text.plist.xml; path = Info.plist; sourceTree = "<group>"; };
		1AAD1741252DADED00A086DC /* DevFeedTests.xctest */ = {isa = PBXFileReference; explicitFileType = wrapper.cfbundle; includeInIndex = 0; path = DevFeedTests.xctest; sourceTree = BUILT_PRODUCTS_DIR; };
		1AAD1745252DADED00A086DC /* DevFeedTests.swift */ = {isa = PBXFileReference; lastKnownFileType = sourcecode.swift; path = DevFeedTests.swift; sourceTree = "<group>"; };
		1AAD1747252DADED00A086DC /* Info.plist */ = {isa = PBXFileReference; lastKnownFileType = text.plist.xml; path = Info.plist; sourceTree = "<group>"; };
		1AAD174C252DADED00A086DC /* DevFeedUITests.xctest */ = {isa = PBXFileReference; explicitFileType = wrapper.cfbundle; includeInIndex = 0; path = DevFeedUITests.xctest; sourceTree = BUILT_PRODUCTS_DIR; };
		1AAD1750252DADED00A086DC /* DevFeedUITests.swift */ = {isa = PBXFileReference; lastKnownFileType = sourcecode.swift; path = DevFeedUITests.swift; sourceTree = "<group>"; };
		1AAD1752252DADED00A086DC /* Info.plist */ = {isa = PBXFileReference; lastKnownFileType = text.plist.xml; path = Info.plist; sourceTree = "<group>"; };
/* End PBXFileReference section */

/* Begin PBXFrameworksBuildPhase section */
		1AAD1728252DADEB00A086DC /* Frameworks */ = {
			isa = PBXFrameworksBuildPhase;
			buildActionMask = 2147483647;
			files = (
				1A1A6517253AFA18008829B6 /* WebKit.framework in Frameworks */,
			);
			runOnlyForDeploymentPostprocessing = 0;
		};
		1AAD173E252DADED00A086DC /* Frameworks */ = {
			isa = PBXFrameworksBuildPhase;
			buildActionMask = 2147483647;
			files = (
			);
			runOnlyForDeploymentPostprocessing = 0;
		};
		1AAD1749252DADED00A086DC /* Frameworks */ = {
			isa = PBXFrameworksBuildPhase;
			buildActionMask = 2147483647;
			files = (
			);
			runOnlyForDeploymentPostprocessing = 0;
		};
/* End PBXFrameworksBuildPhase section */

/* Begin PBXGroup section */
		1A1A650A25398331008829B6 /* Models */ = {
			isa = PBXGroup;
			children = (
				1A1A6513253983F2008829B6 /* Feed.swift */,
			);
			name = Models;
			sourceTree = "<group>";
		};
		1A1A650B25398339008829B6 /* Controllers */ = {
			isa = PBXGroup;
			children = (
				1AAD1732252DADEB00A086DC /* ViewController.swift */,
				1A1A650F25398371008829B6 /* FeedViewController.swift */,
			);
			name = Controllers;
			sourceTree = "<group>";
		};
		1A1A650C2539833E008829B6 /* Views */ = {
			isa = PBXGroup;
			children = (
				1AAD1734252DADEB00A086DC /* Main.storyboard */,
				1AAD1739252DADED00A086DC /* LaunchScreen.storyboard */,
				1A1A651025398371008829B6 /* FeedViewController.xib */,
			);
			name = Views;
			sourceTree = "<group>";
		};
		1A1A650D25398341008829B6 /* Resources */ = {
			isa = PBXGroup;
			children = (
				1AAD1737252DADED00A086DC /* Assets.xcassets */,
				1AAD173C252DADED00A086DC /* Info.plist */,
			);
			name = Resources;
			sourceTree = "<group>";
		};
		1A1A650E25398346008829B6 /* AppDelegate */ = {
			isa = PBXGroup;
			children = (
				1AAD172E252DADEB00A086DC /* AppDelegate.swift */,
				1AAD1730252DADEB00A086DC /* SceneDelegate.swift */,
			);
			name = AppDelegate;
			sourceTree = "<group>";
		};
		1A1A6515253AFA18008829B6 /* Frameworks */ = {
			isa = PBXGroup;
			children = (
				1A1A6516253AFA18008829B6 /* WebKit.framework */,
			);
			name = Frameworks;
			sourceTree = "<group>";
		};
		1AAD1722252DADEB00A086DC = {
			isa = PBXGroup;
			children = (
				1AAD172D252DADEB00A086DC /* DevFeed */,
				1AAD1744252DADED00A086DC /* DevFeedTests */,
				1AAD174F252DADED00A086DC /* DevFeedUITests */,
				1AAD172C252DADEB00A086DC /* Products */,
				1A1A6515253AFA18008829B6 /* Frameworks */,
			);
			sourceTree = "<group>";
		};
		1AAD172C252DADEB00A086DC /* Products */ = {
			isa = PBXGroup;
			children = (
				1AAD172B252DADEB00A086DC /* DevFeed.app */,
				1AAD1741252DADED00A086DC /* DevFeedTests.xctest */,
				1AAD174C252DADED00A086DC /* DevFeedUITests.xctest */,
			);
			name = Products;
			sourceTree = "<group>";
		};
		1AAD172D252DADEB00A086DC /* DevFeed */ = {
			isa = PBXGroup;
			children = (
				1A1A650E25398346008829B6 /* AppDelegate */,
				1A1A650B25398339008829B6 /* Controllers */,
				1A1A650A25398331008829B6 /* Models */,
				1A1A650D25398341008829B6 /* Resources */,
				1A1A650C2539833E008829B6 /* Views */,
			);
			path = DevFeed;
			sourceTree = "<group>";
		};
		1AAD1744252DADED00A086DC /* DevFeedTests */ = {
			isa = PBXGroup;
			children = (
				1AAD1745252DADED00A086DC /* DevFeedTests.swift */,
				1AAD1747252DADED00A086DC /* Info.plist */,
			);
			path = DevFeedTests;
			sourceTree = "<group>";
		};
		1AAD174F252DADED00A086DC /* DevFeedUITests */ = {
			isa = PBXGroup;
			children = (
				1AAD1750252DADED00A086DC /* DevFeedUITests.swift */,
				1AAD1752252DADED00A086DC /* Info.plist */,
			);
			path = DevFeedUITests;
			sourceTree = "<group>";
		};
/* End PBXGroup section */

/* Begin PBXNativeTarget section */
		1AAD172A252DADEB00A086DC /* DevFeed */ = {
			isa = PBXNativeTarget;
			buildConfigurationList = 1AAD1755252DADED00A086DC /* Build configuration list for PBXNativeTarget "DevFeed" */;
			buildPhases = (
				1AAD1727252DADEB00A086DC /* Sources */,
				1AAD1728252DADEB00A086DC /* Frameworks */,
				1AAD1729252DADEB00A086DC /* Resources */,
			);
			buildRules = (
			);
			dependencies = (
			);
			name = DevFeed;
			productName = MyNews;
			productReference = 1AAD172B252DADEB00A086DC /* DevFeed.app */;
			productType = "com.apple.product-type.application";
		};
		1AAD1740252DADED00A086DC /* DevFeedTests */ = {
			isa = PBXNativeTarget;
			buildConfigurationList = 1AAD1758252DADED00A086DC /* Build configuration list for PBXNativeTarget "DevFeedTests" */;
			buildPhases = (
				1AAD173D252DADED00A086DC /* Sources */,
				1AAD173E252DADED00A086DC /* Frameworks */,
				1AAD173F252DADED00A086DC /* Resources */,
			);
			buildRules = (
			);
			dependencies = (
				1AAD1743252DADED00A086DC /* PBXTargetDependency */,
			);
			name = DevFeedTests;
			productName = MyNewsTests;
			productReference = 1AAD1741252DADED00A086DC /* DevFeedTests.xctest */;
			productType = "com.apple.product-type.bundle.unit-test";
		};
		1AAD174B252DADED00A086DC /* DevFeedUITests */ = {
			isa = PBXNativeTarget;
			buildConfigurationList = 1AAD175B252DADED00A086DC /* Build configuration list for PBXNativeTarget "DevFeedUITests" */;
			buildPhases = (
				1AAD1748252DADED00A086DC /* Sources */,
				1AAD1749252DADED00A086DC /* Frameworks */,
				1AAD174A252DADED00A086DC /* Resources */,
			);
			buildRules = (
			);
			dependencies = (
				1AAD174E252DADED00A086DC /* PBXTargetDependency */,
			);
			name = DevFeedUITests;
			productName = MyNewsUITests;
			productReference = 1AAD174C252DADED00A086DC /* DevFeedUITests.xctest */;
			productType = "com.apple.product-type.bundle.ui-testing";
		};
/* End PBXNativeTarget section */

/* Begin PBXProject section */
		1AAD1723252DADEB00A086DC /* Project object */ = {
			isa = PBXProject;
			attributes = {
				LastSwiftUpdateCheck = 1160;
				LastUpgradeCheck = 1160;
				ORGANIZATIONNAME = yurim;
				TargetAttributes = {
					1AAD172A252DADEB00A086DC = {
						CreatedOnToolsVersion = 11.6;
					};
					1AAD1740252DADED00A086DC = {
						CreatedOnToolsVersion = 11.6;
						TestTargetID = 1AAD172A252DADEB00A086DC;
					};
					1AAD174B252DADED00A086DC = {
						CreatedOnToolsVersion = 11.6;
						TestTargetID = 1AAD172A252DADEB00A086DC;
					};
				};
			};
			buildConfigurationList = 1AAD1726252DADEB00A086DC /* Build configuration list for PBXProject "DevFeed" */;
			compatibilityVersion = "Xcode 9.3";
			developmentRegion = en;
			hasScannedForEncodings = 0;
			knownRegions = (
				en,
				Base,
			);
			mainGroup = 1AAD1722252DADEB00A086DC;
			productRefGroup = 1AAD172C252DADEB00A086DC /* Products */;
			projectDirPath = "";
			projectRoot = "";
			targets = (
				1AAD172A252DADEB00A086DC /* DevFeed */,
				1AAD1740252DADED00A086DC /* DevFeedTests */,
				1AAD174B252DADED00A086DC /* DevFeedUITests */,
			);
		};
/* End PBXProject section */

/* Begin PBXResourcesBuildPhase section */
		1AAD1729252DADEB00A086DC /* Resources */ = {
			isa = PBXResourcesBuildPhase;
			buildActionMask = 2147483647;
			files = (
				1AAD173B252DADED00A086DC /* LaunchScreen.storyboard in Resources */,
				1AAD1738252DADED00A086DC /* Assets.xcassets in Resources */,
				1A1A651225398371008829B6 /* FeedViewController.xib in Resources */,
				1AAD1736252DADEB00A086DC /* Main.storyboard in Resources */,
			);
			runOnlyForDeploymentPostprocessing = 0;
		};
		1AAD173F252DADED00A086DC /* Resources */ = {
			isa = PBXResourcesBuildPhase;
			buildActionMask = 2147483647;
			files = (
			);
			runOnlyForDeploymentPostprocessing = 0;
		};
		1AAD174A252DADED00A086DC /* Resources */ = {
			isa = PBXResourcesBuildPhase;
			buildActionMask = 2147483647;
			files = (
			);
			runOnlyForDeploymentPostprocessing = 0;
		};
/* End PBXResourcesBuildPhase section */

/* Begin PBXSourcesBuildPhase section */
		1AAD1727252DADEB00A086DC /* Sources */ = {
			isa = PBXSourcesBuildPhase;
			buildActionMask = 2147483647;
			files = (
				1AAD1733252DADEB00A086DC /* ViewController.swift in Sources */,
				1A1A6514253983F2008829B6 /* Feed.swift in Sources */,
				1AAD172F252DADEB00A086DC /* AppDelegate.swift in Sources */,
				1A1A651125398371008829B6 /* FeedViewController.swift in Sources */,
				1AAD1731252DADEB00A086DC /* SceneDelegate.swift in Sources */,
			);
			runOnlyForDeploymentPostprocessing = 0;
		};
		1AAD173D252DADED00A086DC /* Sources */ = {
			isa = PBXSourcesBuildPhase;
			buildActionMask = 2147483647;
			files = (
				1AAD1746252DADED00A086DC /* DevFeedTests.swift in Sources */,
			);
			runOnlyForDeploymentPostprocessing = 0;
		};
		1AAD1748252DADED00A086DC /* Sources */ = {
			isa = PBXSourcesBuildPhase;
			buildActionMask = 2147483647;
			files = (
				1AAD1751252DADED00A086DC /* DevFeedUITests.swift in Sources */,
			);
			runOnlyForDeploymentPostprocessing = 0;
		};
/* End PBXSourcesBuildPhase section */

/* Begin PBXTargetDependency section */
		1AAD1743252DADED00A086DC /* PBXTargetDependency */ = {
			isa = PBXTargetDependency;
			target = 1AAD172A252DADEB00A086DC /* DevFeed */;
			targetProxy = 1AAD1742252DADED00A086DC /* PBXContainerItemProxy */;
		};
		1AAD174E252DADED00A086DC /* PBXTargetDependency */ = {
			isa = PBXTargetDependency;
			target = 1AAD172A252DADEB00A086DC /* DevFeed */;
			targetProxy = 1AAD174D252DADED00A086DC /* PBXContainerItemProxy */;
		};
/* End PBXTargetDependency section */

/* Begin PBXVariantGroup section */
		1AAD1734252DADEB00A086DC /* Main.storyboard */ = {
			isa = PBXVariantGroup;
			children = (
				1AAD1735252DADEB00A086DC /* Base */,
			);
			name = Main.storyboard;
			sourceTree = "<group>";
		};
		1AAD1739252DADED00A086DC /* LaunchScreen.storyboard */ = {
			isa = PBXVariantGroup;
			children = (
				1AAD173A252DADED00A086DC /* Base */,
			);
			name = LaunchScreen.storyboard;
			sourceTree = "<group>";
		};
/* End PBXVariantGroup section */

/* Begin XCBuildConfiguration section */
		1AAD1753252DADED00A086DC /* Debug */ = {
			isa = XCBuildConfiguration;
			buildSettings = {
				ALWAYS_SEARCH_USER_PATHS = NO;
				CLANG_ANALYZER_NONNULL = YES;
				CLANG_ANALYZER_NUMBER_OBJECT_CONVERSION = YES_AGGRESSIVE;
				CLANG_CXX_LANGUAGE_STANDARD = "gnu++14";
				CLANG_CXX_LIBRARY = "libc++";
				CLANG_ENABLE_MODULES = YES;
				CLANG_ENABLE_OBJC_ARC = YES;
				CLANG_ENABLE_OBJC_WEAK = YES;
				CLANG_WARN_BLOCK_CAPTURE_AUTORELEASING = YES;
				CLANG_WARN_BOOL_CONVERSION = YES;
				CLANG_WARN_COMMA = YES;
				CLANG_WARN_CONSTANT_CONVERSION = YES;
				CLANG_WARN_DEPRECATED_OBJC_IMPLEMENTATIONS = YES;
				CLANG_WARN_DIRECT_OBJC_ISA_USAGE = YES_ERROR;
				CLANG_WARN_DOCUMENTATION_COMMENTS = YES;
				CLANG_WARN_EMPTY_BODY = YES;
				CLANG_WARN_ENUM_CONVERSION = YES;
				CLANG_WARN_INFINITE_RECURSION = YES;
				CLANG_WARN_INT_CONVERSION = YES;
				CLANG_WARN_NON_LITERAL_NULL_CONVERSION = YES;
				CLANG_WARN_OBJC_IMPLICIT_RETAIN_SELF = YES;
				CLANG_WARN_OBJC_LITERAL_CONVERSION = YES;
				CLANG_WARN_OBJC_ROOT_CLASS = YES_ERROR;
				CLANG_WARN_RANGE_LOOP_ANALYSIS = YES;
				CLANG_WARN_STRICT_PROTOTYPES = YES;
				CLANG_WARN_SUSPICIOUS_MOVE = YES;
				CLANG_WARN_UNGUARDED_AVAILABILITY = YES_AGGRESSIVE;
				CLANG_WARN_UNREACHABLE_CODE = YES;
				CLANG_WARN__DUPLICATE_METHOD_MATCH = YES;
				COPY_PHASE_STRIP = NO;
				DEBUG_INFORMATION_FORMAT = dwarf;
				ENABLE_STRICT_OBJC_MSGSEND = YES;
				ENABLE_TESTABILITY = YES;
				GCC_C_LANGUAGE_STANDARD = gnu11;
				GCC_DYNAMIC_NO_PIC = NO;
				GCC_NO_COMMON_BLOCKS = YES;
				GCC_OPTIMIZATION_LEVEL = 0;
				GCC_PREPROCESSOR_DEFINITIONS = (
					"DEBUG=1",
					"$(inherited)",
				);
				GCC_WARN_64_TO_32_BIT_CONVERSION = YES;
				GCC_WARN_ABOUT_RETURN_TYPE = YES_ERROR;
				GCC_WARN_UNDECLARED_SELECTOR = YES;
				GCC_WARN_UNINITIALIZED_AUTOS = YES_AGGRESSIVE;
				GCC_WARN_UNUSED_FUNCTION = YES;
				GCC_WARN_UNUSED_VARIABLE = YES;
				IPHONEOS_DEPLOYMENT_TARGET = 13.6;
				MTL_ENABLE_DEBUG_INFO = INCLUDE_SOURCE;
				MTL_FAST_MATH = YES;
				ONLY_ACTIVE_ARCH = YES;
				SDKROOT = iphoneos;
				SWIFT_ACTIVE_COMPILATION_CONDITIONS = DEBUG;
				SWIFT_OPTIMIZATION_LEVEL = "-Onone";
			};
			name = Debug;
		};
		1AAD1754252DADED00A086DC /* Release */ = {
			isa = XCBuildConfiguration;
			buildSettings = {
				ALWAYS_SEARCH_USER_PATHS = NO;
				CLANG_ANALYZER_NONNULL = YES;
				CLANG_ANALYZER_NUMBER_OBJECT_CONVERSION = YES_AGGRESSIVE;
				CLANG_CXX_LANGUAGE_STANDARD = "gnu++14";
				CLANG_CXX_LIBRARY = "libc++";
				CLANG_ENABLE_MODULES = YES;
				CLANG_ENABLE_OBJC_ARC = YES;
				CLANG_ENABLE_OBJC_WEAK = YES;
				CLANG_WARN_BLOCK_CAPTURE_AUTORELEASING = YES;
				CLANG_WARN_BOOL_CONVERSION = YES;
				CLANG_WARN_COMMA = YES;
				CLANG_WARN_CONSTANT_CONVERSION = YES;
				CLANG_WARN_DEPRECATED_OBJC_IMPLEMENTATIONS = YES;
				CLANG_WARN_DIRECT_OBJC_ISA_USAGE = YES_ERROR;
				CLANG_WARN_DOCUMENTATION_COMMENTS = YES;
				CLANG_WARN_EMPTY_BODY = YES;
				CLANG_WARN_ENUM_CONVERSION = YES;
				CLANG_WARN_INFINITE_RECURSION = YES;
				CLANG_WARN_INT_CONVERSION = YES;
				CLANG_WARN_NON_LITERAL_NULL_CONVERSION = YES;
				CLANG_WARN_OBJC_IMPLICIT_RETAIN_SELF = YES;
				CLANG_WARN_OBJC_LITERAL_CONVERSION = YES;
				CLANG_WARN_OBJC_ROOT_CLASS = YES_ERROR;
				CLANG_WARN_RANGE_LOOP_ANALYSIS = YES;
				CLANG_WARN_STRICT_PROTOTYPES = YES;
				CLANG_WARN_SUSPICIOUS_MOVE = YES;
				CLANG_WARN_UNGUARDED_AVAILABILITY = YES_AGGRESSIVE;
				CLANG_WARN_UNREACHABLE_CODE = YES;
				CLANG_WARN__DUPLICATE_METHOD_MATCH = YES;
				COPY_PHASE_STRIP = NO;
				DEBUG_INFORMATION_FORMAT = "dwarf-with-dsym";
				ENABLE_NS_ASSERTIONS = NO;
				ENABLE_STRICT_OBJC_MSGSEND = YES;
				GCC_C_LANGUAGE_STANDARD = gnu11;
				GCC_NO_COMMON_BLOCKS = YES;
				GCC_WARN_64_TO_32_BIT_CONVERSION = YES;
				GCC_WARN_ABOUT_RETURN_TYPE = YES_ERROR;
				GCC_WARN_UNDECLARED_SELECTOR = YES;
				GCC_WARN_UNINITIALIZED_AUTOS = YES_AGGRESSIVE;
				GCC_WARN_UNUSED_FUNCTION = YES;
				GCC_WARN_UNUSED_VARIABLE = YES;
				IPHONEOS_DEPLOYMENT_TARGET = 13.6;
				MTL_ENABLE_DEBUG_INFO = NO;
				MTL_FAST_MATH = YES;
				SDKROOT = iphoneos;
				SWIFT_COMPILATION_MODE = wholemodule;
				SWIFT_OPTIMIZATION_LEVEL = "-O";
				VALIDATE_PRODUCT = YES;
			};
			name = Release;
		};
		1AAD1756252DADED00A086DC /* Debug */ = {
			isa = XCBuildConfiguration;
			buildSettings = {
				ASSETCATALOG_COMPILER_APPICON_NAME = AppIcon;
				CODE_SIGN_STYLE = Automatic;
				INFOPLIST_FILE = DevFeed/Info.plist;
				LD_RUNPATH_SEARCH_PATHS = (
					"$(inherited)",
					"@executable_path/Frameworks",
				);
				PRODUCT_BUNDLE_IDENTIFIER = com.yurim.DevFeed;
				PRODUCT_NAME = "$(TARGET_NAME)";
				SWIFT_VERSION = 5.0;
				TARGETED_DEVICE_FAMILY = "1,2";
			};
			name = Debug;
		};
		1AAD1757252DADED00A086DC /* Release */ = {
			isa = XCBuildConfiguration;
			buildSettings = {
				ASSETCATALOG_COMPILER_APPICON_NAME = AppIcon;
				CODE_SIGN_STYLE = Automatic;
				INFOPLIST_FILE = DevFeed/Info.plist;
				LD_RUNPATH_SEARCH_PATHS = (
					"$(inherited)",
					"@executable_path/Frameworks",
				);
				PRODUCT_BUNDLE_IDENTIFIER = com.yurim.DevFeed;
				PRODUCT_NAME = "$(TARGET_NAME)";
				SWIFT_VERSION = 5.0;
				TARGETED_DEVICE_FAMILY = "1,2";
			};
			name = Release;
		};
		1AAD1759252DADED00A086DC /* Debug */ = {
			isa = XCBuildConfiguration;
			buildSettings = {
				ALWAYS_EMBED_SWIFT_STANDARD_LIBRARIES = YES;
				BUNDLE_LOADER = "$(TEST_HOST)";
				CODE_SIGN_STYLE = Automatic;
				INFOPLIST_FILE = DevFeedTests/Info.plist;
				IPHONEOS_DEPLOYMENT_TARGET = 13.6;
				LD_RUNPATH_SEARCH_PATHS = (
					"$(inherited)",
					"@executable_path/Frameworks",
					"@loader_path/Frameworks",
				);
				PRODUCT_BUNDLE_IDENTIFIER = com.yurim.DevFeedTests;
				PRODUCT_NAME = "$(TARGET_NAME)";
				SWIFT_VERSION = 5.0;
				TARGETED_DEVICE_FAMILY = "1,2";
				TEST_HOST = "$(BUILT_PRODUCTS_DIR)/DevFeed.app/DevFeed";
			};
			name = Debug;
		};
		1AAD175A252DADED00A086DC /* Release */ = {
			isa = XCBuildConfiguration;
			buildSettings = {
				ALWAYS_EMBED_SWIFT_STANDARD_LIBRARIES = YES;
				BUNDLE_LOADER = "$(TEST_HOST)";
				CODE_SIGN_STYLE = Automatic;
				INFOPLIST_FILE = DevFeedTests/Info.plist;
				IPHONEOS_DEPLOYMENT_TARGET = 13.6;
				LD_RUNPATH_SEARCH_PATHS = (
					"$(inherited)",
					"@executable_path/Frameworks",
					"@loader_path/Frameworks",
				);
				PRODUCT_BUNDLE_IDENTIFIER = com.yurim.DevFeedTests;
				PRODUCT_NAME = "$(TARGET_NAME)";
				SWIFT_VERSION = 5.0;
				TARGETED_DEVICE_FAMILY = "1,2";
				TEST_HOST = "$(BUILT_PRODUCTS_DIR)/DevFeed.app/DevFeed";
			};
			name = Release;
		};
		1AAD175C252DADED00A086DC /* Debug */ = {
			isa = XCBuildConfiguration;
			buildSettings = {
				ALWAYS_EMBED_SWIFT_STANDARD_LIBRARIES = YES;
				CODE_SIGN_STYLE = Automatic;
				INFOPLIST_FILE = DevFeedUITests/Info.plist;
				LD_RUNPATH_SEARCH_PATHS = (
					"$(inherited)",
					"@executable_path/Frameworks",
					"@loader_path/Frameworks",
				);
				PRODUCT_BUNDLE_IDENTIFIER = com.yurim.DevFeedUITests;
				PRODUCT_NAME = "$(TARGET_NAME)";
				SWIFT_VERSION = 5.0;
				TARGETED_DEVICE_FAMILY = "1,2";
				TEST_TARGET_NAME = DevFeed;
			};
			name = Debug;
		};
		1AAD175D252DADED00A086DC /* Release */ = {
			isa = XCBuildConfiguration;
			buildSettings = {
				ALWAYS_EMBED_SWIFT_STANDARD_LIBRARIES = YES;
				CODE_SIGN_STYLE = Automatic;
				INFOPLIST_FILE = DevFeedUITests/Info.plist;
				LD_RUNPATH_SEARCH_PATHS = (
					"$(inherited)",
					"@executable_path/Frameworks",
					"@loader_path/Frameworks",
				);
				PRODUCT_BUNDLE_IDENTIFIER = com.yurim.DevFeedUITests;
				PRODUCT_NAME = "$(TARGET_NAME)";
				SWIFT_VERSION = 5.0;
				TARGETED_DEVICE_FAMILY = "1,2";
				TEST_TARGET_NAME = DevFeed;
			};
			name = Release;
		};
/* End XCBuildConfiguration section */

/* Begin XCConfigurationList section */
		1AAD1726252DADEB00A086DC /* Build configuration list for PBXProject "DevFeed" */ = {
			isa = XCConfigurationList;
			buildConfigurations = (
				1AAD1753252DADED00A086DC /* Debug */,
				1AAD1754252DADED00A086DC /* Release */,
			);
			defaultConfigurationIsVisible = 0;
			defaultConfigurationName = Release;
		};
		1AAD1755252DADED00A086DC /* Build configuration list for PBXNativeTarget "DevFeed" */ = {
			isa = XCConfigurationList;
			buildConfigurations = (
				1AAD1756252DADED00A086DC /* Debug */,
				1AAD1757252DADED00A086DC /* Release */,
			);
			defaultConfigurationIsVisible = 0;
			defaultConfigurationName = Release;
		};
		1AAD1758252DADED00A086DC /* Build configuration list for PBXNativeTarget "DevFeedTests" */ = {
			isa = XCConfigurationList;
			buildConfigurations = (
				1AAD1759252DADED00A086DC /* Debug */,
				1AAD175A252DADED00A086DC /* Release */,
			);
			defaultConfigurationIsVisible = 0;
			defaultConfigurationName = Release;
		};
		1AAD175B252DADED00A086DC /* Build configuration list for PBXNativeTarget "DevFeedUITests" */ = {
			isa = XCConfigurationList;
			buildConfigurations = (
				1AAD175C252DADED00A086DC /* Debug */,
				1AAD175D252DADED00A086DC /* Release */,
			);
			defaultConfigurationIsVisible = 0;
			defaultConfigurationName = Release;
		};
/* End XCConfigurationList section */
	};
	rootObject = 1AAD1723252DADEB00A086DC /* Project object */;
}
